
Microsoft Visual Studio Solution File, Format Version 12.00
# Visual Studio Version 17
VisualStudioVersion = 17.7.34221.43
MinimumVisualStudioVersion = 10.0.40219.1
Project("{FAE04EC0-301F-11D3-BF4B-00C04F79EFBC}") = "ScriptGrabber", "ScriptGrabber\ScriptGrabber.csproj", "{329B435A-DDAC-4BFE-9DB2-859C32785304}"
EndProject
Global
	GlobalSection(SolutionConfigurationPlatforms) = preSolution
		Debug|Any CPU = Debug|Any CPU
		Release|Any CPU = Release|Any CPU
	EndGlobalSection
	GlobalSection(ProjectConfigurationPlatforms) = postSolution
		{329B435A-DDAC-4BFE-9DB2-859C32785304}.Debug|Any CPU.ActiveCfg = Debug|Any CPU
		{329B435A-DDAC-4BFE-9DB2-859C32785304}.Debug|Any CPU.Build.0 = Debug|Any CPU
		{329B435A-DDAC-4BFE-9DB2-859C32785304}.Release|Any CPU.ActiveCfg = Release|Any CPU
		{329B435A-DDAC-4BFE-9DB2-859C32785304}.Release|Any CPU.Build.0 = Release|Any CPU
	EndGlobalSection
	GlobalSection(SolutionProperties) = preSolution
		HideSolutionNode = FALSE
	EndGlobalSection
	GlobalSection(ExtensibilityGlobals) = postSolution
		SolutionGuid = {0E7BF54C-EA37-4E3D-8137-ADCE1D8CE423}
	EndGlobalSection
EndGlobal
